{
  "requires": true,
  "lockfileVersion": 1,
  "dependencies": {
    "fd-slicer": {
      "version": "1.0.1",
      "resolved": "https://registry.npmjs.org/fd-slicer/-/fd-slicer-1.0.1.tgz",
      "integrity": "sha1-i1vL2ewyfFBBv5qwI/1nUPEXfmU=",
      "requires": {
        "pend": "1.2.0"
      }
    },
    "file-type": {
      "version": "7.6.0",
      "resolved": "https://registry.npmjs.org/file-type/-/file-type-7.6.0.tgz",
      "integrity": "sha512-EAogdjMKf0PEU26Wk+N/Qkg8JXpMRo9t70dg7+t9QvcYUZb/XfA66Hdt15g4xRdam4wgiQsg/qycKUIuZQDJog=="
    },
    "moment": {
      "version": "2.20.1",
      "resolved": "https://registry.npmjs.org/moment/-/moment-2.20.1.tgz",
      "integrity": "sha512-Yh9y73JRljxW5QxN08Fner68eFLxM5ynNOAw2LbIB1YAGeQzZT8QFSUvkAz609Zf+IHhhaUxqZK8dG3W/+HEvg=="
    },
    "multiparty": {
      "version": "4.1.3",
      "resolved": "https://registry.npmjs.org/multiparty/-/multiparty-4.1.3.tgz",
      "integrity": "sha1-PEPH/LGJbhdGBDap3Qtu8WaOT5Q=",
      "requires": {
        "fd-slicer": "1.0.1"
      }
    },
    "pend": {
      "version": "1.2.0",
      "resolved": "https://registry.npmjs.org/pend/-/pend-1.2.0.tgz",
      "integrity": "sha1-elfrVQpng/kRUzH89GY9XI4AelA="
    }
  }
}
